
Microsoft Visual Studio Solution File, Format Version 12.00
# Visual Studio Version 17
VisualStudioVersion = 17.4.33110.190
MinimumVisualStudioVersion = 10.0.40219.1
Project("{FAE04EC0-301F-11D3-BF4B-00C04F79EFBC}") = "Yua Clock", "Yua Clock\Yua Clock.csproj", "{397BF142-FF5A-4898-BBB3-D2E4CCCC9408}"
EndProject
Global
	GlobalSection(SolutionConfigurationPlatforms) = preSolution
		Debug|Any CPU = Debug|Any CPU
		Release|Any CPU = Release|Any CPU
	EndGlobalSection
	GlobalSection(ProjectConfigurationPlatforms) = postSolution
		{397BF142-FF5A-4898-BBB3-D2E4CCCC9408}.Debug|Any CPU.ActiveCfg = Debug|Any CPU
		{397BF142-FF5A-4898-BBB3-D2E4CCCC9408}.Debug|Any CPU.Build.0 = Debug|Any CPU
		{397BF142-FF5A-4898-BBB3-D2E4CCCC9408}.Release|Any CPU.ActiveCfg = Release|Any CPU
		{397BF142-FF5A-4898-BBB3-D2E4CCCC9408}.Release|Any CPU.Build.0 = Release|Any CPU
	EndGlobalSection
	GlobalSection(SolutionProperties) = preSolution
		HideSolutionNode = FALSE
	EndGlobalSection
	GlobalSection(ExtensibilityGlobals) = postSolution
		SolutionGuid = {53A56F3A-FAB3-45F0-AC99-4A8C8DAD0BDC}
	EndGlobalSection
EndGlobal
